dependencies:
- name: strimzi-kafka-operator
  repository: https://strimzi.io/charts/
  version: 0.45.1
- name: filebeat
  repository: https://helm.elastic.co
  version: 8.5.1
- name: elasticsearch
  repository: https://helm.elastic.co
  version: 8.5.1
- name: logstash
  repository: https://helm.elastic.co
  version: 8.5.1
- name: kibana
  repository: https://helm.elastic.co
  version: 8.5.1
digest: sha256:f10af4e265970c27add363ba2bb05075bf18a62af5d438c7e6b8f451b91e34e7
generated: "2026-02-05T01:58:04.590374+09:00"
